// !$*UTF8*$!
{
	archiveVersion = 1;
	classes = {
	};
	objectVersion = 50;
	objects = {

/* Begin PBXBuildFile section */
		8A4D246823D4C5510078F8EF /* UserInfoVC.swift in Sources */ = {isa = PBXBuildFile; fileRef = 8A4D246723D4C5510078F8EF /* UserInfoVC.swift */; };
		8A6CEA7723BFE8D200F7FEFB /* AppDelegate.swift in Sources */ = {isa = PBXBuildFile; fileRef = 8A6CEA7623BFE8D200F7FEFB /* AppDelegate.swift */; };
		8A6CEA7923BFE8D200F7FEFB /* SceneDelegate.swift in Sources */ = {isa = PBXBuildFile; fileRef = 8A6CEA7823BFE8D200F7FEFB /* SceneDelegate.swift */; };
		8A6CEA7E23BFE8D200F7FEFB /* Main.storyboard in Resources */ = {isa = PBXBuildFile; fileRef = 8A6CEA7C23BFE8D200F7FEFB /* Main.storyboard */; };
		8A6CEA8023BFE8D500F7FEFB /* Assets.xcassets in Resources */ = {isa = PBXBuildFile; fileRef = 8A6CEA7F23BFE8D500F7FEFB /* Assets.xcassets */; };
		8A6CEA8323BFE8D500F7FEFB /* LaunchScreen.storyboard in Resources */ = {isa = PBXBuildFile; fileRef = 8A6CEA8123BFE8D500F7FEFB /* LaunchScreen.storyboard */; };
		8A6CEA8B23BFEFCA00F7FEFB /* SearchVC.swift in Sources */ = {isa = PBXBuildFile; fileRef = 8A6CEA8A23BFEFCA00F7FEFB /* SearchVC.swift */; };
		8A6CEA8D23BFEFEC00F7FEFB /* FavouritesListVC.swift in Sources */ = {isa = PBXBuildFile; fileRef = 8A6CEA8C23BFEFEC00F7FEFB /* FavouritesListVC.swift */; };
		8A6CEA8F23BFF81400F7FEFB /* GFButton.swift in Sources */ = {isa = PBXBuildFile; fileRef = 8A6CEA8E23BFF81400F7FEFB /* GFButton.swift */; };
		8A6CEA9123BFFA3700F7FEFB /* GFtextField.swift in Sources */ = {isa = PBXBuildFile; fileRef = 8A6CEA9023BFFA3700F7FEFB /* GFtextField.swift */; };
		8A6CEA9323C0EEA200F7FEFB /* FollowersListVC.swift in Sources */ = {isa = PBXBuildFile; fileRef = 8A6CEA9223C0EEA200F7FEFB /* FollowersListVC.swift */; };
		8A6CEA9523C0F31600F7FEFB /* String+Extensions.swift in Sources */ = {isa = PBXBuildFile; fileRef = 8A6CEA9423C0F31600F7FEFB /* String+Extensions.swift */; };
		8A6CEA9723C11C6700F7FEFB /* GFTitleLabel.swift in Sources */ = {isa = PBXBuildFile; fileRef = 8A6CEA9623C11C6700F7FEFB /* GFTitleLabel.swift */; };
		8A6CEA9923C11DF300F7FEFB /* GFBodyLabel.swift in Sources */ = {isa = PBXBuildFile; fileRef = 8A6CEA9823C11DF300F7FEFB /* GFBodyLabel.swift */; };
		8A6CEA9B23C11F1800F7FEFB /* GFAlertVC.swift in Sources */ = {isa = PBXBuildFile; fileRef = 8A6CEA9A23C11F1800F7FEFB /* GFAlertVC.swift */; };
		8A6CEA9D23C124F700F7FEFB /* UIViewController+Extension.swift in Sources */ = {isa = PBXBuildFile; fileRef = 8A6CEA9C23C124F700F7FEFB /* UIViewController+Extension.swift */; };
		8A6CEAA423C224EC00F7FEFB /* Follower.swift in Sources */ = {isa = PBXBuildFile; fileRef = 8A6CEAA323C224EC00F7FEFB /* Follower.swift */; };
		8A6CEAA623C225C900F7FEFB /* User.swift in Sources */ = {isa = PBXBuildFile; fileRef = 8A6CEAA523C225C900F7FEFB /* User.swift */; };
		8A6CEAA923C22C9A00F7FEFB /* NetworkManager.swift in Sources */ = {isa = PBXBuildFile; fileRef = 8A6CEAA823C22C9A00F7FEFB /* NetworkManager.swift */; };
		8A6CEAAC23C24EBC00F7FEFB /* GFError.swift in Sources */ = {isa = PBXBuildFile; fileRef = 8A6CEAAB23C24EBC00F7FEFB /* GFError.swift */; };
		8A6CEAAF23C2628D00F7FEFB /* FollowerCell.swift in Sources */ = {isa = PBXBuildFile; fileRef = 8A6CEAAE23C2628D00F7FEFB /* FollowerCell.swift */; };
		8A6CEAB123C2630900F7FEFB /* GFAvatarImageView.swift in Sources */ = {isa = PBXBuildFile; fileRef = 8A6CEAB023C2630900F7FEFB /* GFAvatarImageView.swift */; };
		8A6CEAB623C609A200F7FEFB /* UIHelper.swift in Sources */ = {isa = PBXBuildFile; fileRef = 8A6CEAB523C609A200F7FEFB /* UIHelper.swift */; };
		8A6CEAC423CBC5E200F7FEFB /* EmptyStateView.swift in Sources */ = {isa = PBXBuildFile; fileRef = 8A6CEAC323CBC5E200F7FEFB /* EmptyStateView.swift */; };
		8A8658CC23DE55840057132D /* Constrainted.swift in Sources */ = {isa = PBXBuildFile; fileRef = 8A8658CB23DE55840057132D /* Constrainted.swift */; };
		8A9F819B23F8A3BC00D07F18 /* GFTabBarController.swift in Sources */ = {isa = PBXBuildFile; fileRef = 8A9F819A23F8A3BC00D07F18 /* GFTabBarController.swift */; };
		8A9F819D23F8A80E00D07F18 /* UIDevice+Ext.swift in Sources */ = {isa = PBXBuildFile; fileRef = 8A9F819C23F8A80E00D07F18 /* UIDevice+Ext.swift */; };
		8A9F81A023F8BC2E00D07F18 /* Loadable.swift in Sources */ = {isa = PBXBuildFile; fileRef = 8A9F819F23F8BC2E00D07F18 /* Loadable.swift */; };
		8A9F81A223F976A600D07F18 /* UITableView+Ext.swift in Sources */ = {isa = PBXBuildFile; fileRef = 8A9F81A123F976A600D07F18 /* UITableView+Ext.swift */; };
		8A9F81A423F979A100D07F18 /* Collection+Ext.swift in Sources */ = {isa = PBXBuildFile; fileRef = 8A9F81A323F979A100D07F18 /* Collection+Ext.swift */; };
		8A9F81AC23F99EEC00D07F18 /* FollowerTests.swift in Sources */ = {isa = PBXBuildFile; fileRef = 8A9F81AB23F99EEC00D07F18 /* FollowerTests.swift */; };
		8A9F81B523F9ACF700D07F18 /* NetworkSessionMock.swift in Sources */ = {isa = PBXBuildFile; fileRef = 8A9F81B423F9ACF700D07F18 /* NetworkSessionMock.swift */; };
		8A9F81B823F9AD6E00D07F18 /* NetworkManagerTests.swift in Sources */ = {isa = PBXBuildFile; fileRef = 8A9F81B723F9AD6E00D07F18 /* NetworkManagerTests.swift */; };
		8A9F81BF23FB3FB800D07F18 /* FollowersListVCTests.swift in Sources */ = {isa = PBXBuildFile; fileRef = 8A9F81BE23FB3FB800D07F18 /* FollowersListVCTests.swift */; };
		8A9F81C323FB45FA00D07F18 /* GFDecoder.swift in Sources */ = {isa = PBXBuildFile; fileRef = 8A9F81C123FB45C000D07F18 /* GFDecoder.swift */; };
		8A9F81C523FB4B8000D07F18 /* UserTests.swift in Sources */ = {isa = PBXBuildFile; fileRef = 8A9F81C423FB4B8000D07F18 /* UserTests.swift */; };
		8A9F81C723FB4C1E00D07F18 /* GFEncoder.swift in Sources */ = {isa = PBXBuildFile; fileRef = 8A9F81B923F9B9FC00D07F18 /* GFEncoder.swift */; };
		8AA7736123EEEE6F00F80642 /* GFRepoItemVC.swift in Sources */ = {isa = PBXBuildFile; fileRef = 8AA7736023EEEE6F00F80642 /* GFRepoItemVC.swift */; };
		8AA7736323EEEF8F00F80642 /* GFFollowersItemVC.swift in Sources */ = {isa = PBXBuildFile; fileRef = 8AA7736223EEEF8F00F80642 /* GFFollowersItemVC.swift */; };
		8AA7736523EEFB7800F80642 /* String+Ext.swift in Sources */ = {isa = PBXBuildFile; fileRef = 8AA7736423EEFB7800F80642 /* String+Ext.swift */; };
		8AA7736723EEFC5B00F80642 /* Date+Ext.swift in Sources */ = {isa = PBXBuildFile; fileRef = 8AA7736623EEFC5B00F80642 /* Date+Ext.swift */; };
		8AA7736923F0A34A00F80642 /* PersistanceManager.swift in Sources */ = {isa = PBXBuildFile; fileRef = 8AA7736823F0A34A00F80642 /* PersistanceManager.swift */; };
		8AA7736B23F1532100F80642 /* FavouriteCell.swift in Sources */ = {isa = PBXBuildFile; fileRef = 8AA7736A23F1532100F80642 /* FavouriteCell.swift */; };
		8AA7736D23F2050900F80642 /* UITableViewCell+Ext.swift in Sources */ = {isa = PBXBuildFile; fileRef = 8AA7736C23F2050900F80642 /* UITableViewCell+Ext.swift */; };
		8AE39D5923DE527000C3A771 /* Constraints.swift in Sources */ = {isa = PBXBuildFile; fileRef = 8AE39D5823DE527000C3A771 /* Constraints.swift */; };
		8AF361E223DCFB4800915CE5 /* GFSubtitleLabel.swift in Sources */ = {isa = PBXBuildFile; fileRef = 8AF361E123DCFB4800915CE5 /* GFSubtitleLabel.swift */; };
		8AF361E423DCFDF400915CE5 /* UIView+Extension.swift in Sources */ = {isa = PBXBuildFile; fileRef = 8AF361E323DCFDF400915CE5 /* UIView+Extension.swift */; };
		8AF361E623DD007800915CE5 /* SFSymbol.swift in Sources */ = {isa = PBXBuildFile; fileRef = 8AF361E523DD007800915CE5 /* SFSymbol.swift */; };
		8AF361E823DD01A800915CE5 /* UserHeaderVC.swift in Sources */ = {isa = PBXBuildFile; fileRef = 8AF361E723DD01A800915CE5 /* UserHeaderVC.swift */; };
		8AF62A2123E6064300748528 /* GFItemInfoView.swift in Sources */ = {isa = PBXBuildFile; fileRef = 8AF62A2023E6064300748528 /* GFItemInfoView.swift */; };
		8AF62A2323E63AFE00748528 /* GFInfoItemVC.swift in Sources */ = {isa = PBXBuildFile; fileRef = 8AF62A2223E63AFE00748528 /* GFInfoItemVC.swift */; };
/* End PBXBuildFile section */

/* Begin PBXContainerItemProxy section */
		8A9F81AE23F99EEC00D07F18 /* PBXContainerItemProxy */ = {
			isa = PBXContainerItemProxy;
			containerPortal = 8A6CEA6B23BFE8D200F7FEFB /* Project object */;
			proxyType = 1;
			remoteGlobalIDString = 8A6CEA7223BFE8D200F7FEFB;
			remoteInfo = GHFollowers;
		};
/* End PBXContainerItemProxy section */

/* Begin PBXFileReference section */
		8A4D246723D4C5510078F8EF /* UserInfoVC.swift */ = {isa = PBXFileReference; lastKnownFileType = sourcecode.swift; path = UserInfoVC.swift; sourceTree = "<group>"; };
		8A6CEA7323BFE8D200F7FEFB /* GHFollowers.app */ = {isa = PBXFileReference; explicitFileType = wrapper.application; includeInIndex = 0; path = GHFollowers.app; sourceTree = BUILT_PRODUCTS_DIR; };
		8A6CEA7623BFE8D200F7FEFB /* AppDelegate.swift */ = {isa = PBXFileReference; lastKnownFileType = sourcecode.swift; path = AppDelegate.swift; sourceTree = "<group>"; };
		8A6CEA7823BFE8D200F7FEFB /* SceneDelegate.swift */ = {isa = PBXFileReference; lastKnownFileType = sourcecode.swift; path = SceneDelegate.swift; sourceTree = "<group>"; };
		8A6CEA7D23BFE8D200F7FEFB /* Base */ = {isa = PBXFileReference; lastKnownFileType = file.storyboard; name = Base; path = Base.lproj/Main.storyboard; sourceTree = "<group>"; };
		8A6CEA7F23BFE8D500F7FEFB /* Assets.xcassets */ = {isa = PBXFileReference; lastKnownFileType = folder.assetcatalog; path = Assets.xcassets; sourceTree = "<group>"; };
		8A6CEA8223BFE8D500F7FEFB /* Base */ = {isa = PBXFileReference; lastKnownFileType = file.storyboard; name = Base; path = Base.lproj/LaunchScreen.storyboard; sourceTree = "<group>"; };
		8A6CEA8423BFE8D500F7FEFB /* Info.plist */ = {isa = PBXFileReference; lastKnownFileType = text.plist.xml; path = Info.plist; sourceTree = "<group>"; };
		8A6CEA8A23BFEFCA00F7FEFB /* SearchVC.swift */ = {isa = PBXFileReference; lastKnownFileType = sourcecode.swift; path = SearchVC.swift; sourceTree = "<group>"; };
		8A6CEA8C23BFEFEC00F7FEFB /* FavouritesListVC.swift */ = {isa = PBXFileReference; lastKnownFileType = sourcecode.swift; path = FavouritesListVC.swift; sourceTree = "<group>"; };
		8A6CEA8E23BFF81400F7FEFB /* GFButton.swift */ = {isa = PBXFileReference; lastKnownFileType = sourcecode.swift; path = GFButton.swift; sourceTree = "<group>"; };
		8A6CEA9023BFFA3700F7FEFB /* GFtextField.swift */ = {isa = PBXFileReference; lastKnownFileType = sourcecode.swift; path = GFtextField.swift; sourceTree = "<group>"; };
		8A6CEA9223C0EEA200F7FEFB /* FollowersListVC.swift */ = {isa = PBXFileReference; lastKnownFileType = sourcecode.swift; path = FollowersListVC.swift; sourceTree = "<group>"; };
		8A6CEA9423C0F31600F7FEFB /* String+Extensions.swift */ = {isa = PBXFileReference; lastKnownFileType = sourcecode.swift; path = "String+Extensions.swift"; sourceTree = "<group>"; };
		8A6CEA9623C11C6700F7FEFB /* GFTitleLabel.swift */ = {isa = PBXFileReference; lastKnownFileType = sourcecode.swift; path = GFTitleLabel.swift; sourceTree = "<group>"; };
		8A6CEA9823C11DF300F7FEFB /* GFBodyLabel.swift */ = {isa = PBXFileReference; lastKnownFileType = sourcecode.swift; path = GFBodyLabel.swift; sourceTree = "<group>"; };
		8A6CEA9A23C11F1800F7FEFB /* GFAlertVC.swift */ = {isa = PBXFileReference; lastKnownFileType = sourcecode.swift; path = GFAlertVC.swift; sourceTree = "<group>"; };
		8A6CEA9C23C124F700F7FEFB /* UIViewController+Extension.swift */ = {isa = PBXFileReference; lastKnownFileType = sourcecode.swift; path = "UIViewController+Extension.swift"; sourceTree = "<group>"; };
		8A6CEAA323C224EC00F7FEFB /* Follower.swift */ = {isa = PBXFileReference; lastKnownFileType = sourcecode.swift; path = Follower.swift; sourceTree = "<group>"; };
		8A6CEAA523C225C900F7FEFB /* User.swift */ = {isa = PBXFileReference; lastKnownFileType = sourcecode.swift; path = User.swift; sourceTree = "<group>"; };
		8A6CEAA823C22C9A00F7FEFB /* NetworkManager.swift */ = {isa = PBXFileReference; lastKnownFileType = sourcecode.swift; path = NetworkManager.swift; sourceTree = "<group>"; };
		8A6CEAAB23C24EBC00F7FEFB /* GFError.swift */ = {isa = PBXFileReference; lastKnownFileType = sourcecode.swift; path = GFError.swift; sourceTree = "<group>"; };
		8A6CEAAE23C2628D00F7FEFB /* FollowerCell.swift */ = {isa = PBXFileReference; lastKnownFileType = sourcecode.swift; path = FollowerCell.swift; sourceTree = "<group>"; };
		8A6CEAB023C2630900F7FEFB /* GFAvatarImageView.swift */ = {isa = PBXFileReference; lastKnownFileType = sourcecode.swift; path = GFAvatarImageView.swift; sourceTree = "<group>"; };
		8A6CEAB523C609A200F7FEFB /* UIHelper.swift */ = {isa = PBXFileReference; lastKnownFileType = sourcecode.swift; path = UIHelper.swift; sourceTree = "<group>"; };
		8A6CEAC323CBC5E200F7FEFB /* EmptyStateView.swift */ = {isa = PBXFileReference; lastKnownFileType = sourcecode.swift; path = EmptyStateView.swift; sourceTree = "<group>"; };
		8A8658CB23DE55840057132D /* Constrainted.swift */ = {isa = PBXFileReference; lastKnownFileType = sourcecode.swift; path = Constrainted.swift; sourceTree = "<group>"; };
		8A9F819A23F8A3BC00D07F18 /* GFTabBarController.swift */ = {isa = PBXFileReference; lastKnownFileType = sourcecode.swift; path = GFTabBarController.swift; sourceTree = "<group>"; };
		8A9F819C23F8A80E00D07F18 /* UIDevice+Ext.swift */ = {isa = PBXFileReference; lastKnownFileType = sourcecode.swift; path = "UIDevice+Ext.swift"; sourceTree = "<group>"; };
		8A9F819F23F8BC2E00D07F18 /* Loadable.swift */ = {isa = PBXFileReference; lastKnownFileType = sourcecode.swift; path = Loadable.swift; sourceTree = "<group>"; };
		8A9F81A123F976A600D07F18 /* UITableView+Ext.swift */ = {isa = PBXFileReference; lastKnownFileType = sourcecode.swift; path = "UITableView+Ext.swift"; sourceTree = "<group>"; };
		8A9F81A323F979A100D07F18 /* Collection+Ext.swift */ = {isa = PBXFileReference; lastKnownFileType = sourcecode.swift; path = "Collection+Ext.swift"; sourceTree = "<group>"; };
		8A9F81A923F99EEB00D07F18 /* GHFollowersTests.xctest */ = {isa = PBXFileReference; explicitFileType = wrapper.cfbundle; includeInIndex = 0; path = GHFollowersTests.xctest; sourceTree = BUILT_PRODUCTS_DIR; };
		8A9F81AB23F99EEC00D07F18 /* FollowerTests.swift */ = {isa = PBXFileReference; lastKnownFileType = sourcecode.swift; path = FollowerTests.swift; sourceTree = "<group>"; };
		8A9F81AD23F99EEC00D07F18 /* Info.plist */ = {isa = PBXFileReference; lastKnownFileType = text.plist.xml; path = Info.plist; sourceTree = "<group>"; };
		8A9F81B423F9ACF700D07F18 /* NetworkSessionMock.swift */ = {isa = PBXFileReference; lastKnownFileType = sourcecode.swift; path = NetworkSessionMock.swift; sourceTree = "<group>"; };
		8A9F81B723F9AD6E00D07F18 /* NetworkManagerTests.swift */ = {isa = PBXFileReference; lastKnownFileType = sourcecode.swift; path = NetworkManagerTests.swift; sourceTree = "<group>"; };
		8A9F81B923F9B9FC00D07F18 /* GFEncoder.swift */ = {isa = PBXFileReference; lastKnownFileType = sourcecode.swift; path = GFEncoder.swift; sourceTree = "<group>"; };
		8A9F81BE23FB3FB800D07F18 /* FollowersListVCTests.swift */ = {isa = PBXFileReference; lastKnownFileType = sourcecode.swift; path = FollowersListVCTests.swift; sourceTree = "<group>"; };
		8A9F81C123FB45C000D07F18 /* GFDecoder.swift */ = {isa = PBXFileReference; lastKnownFileType = sourcecode.swift; path = GFDecoder.swift; sourceTree = "<group>"; };
		8A9F81C423FB4B8000D07F18 /* UserTests.swift */ = {isa = PBXFileReference; lastKnownFileType = sourcecode.swift; path = UserTests.swift; sourceTree = "<group>"; };
		8AA7736023EEEE6F00F80642 /* GFRepoItemVC.swift */ = {isa = PBXFileReference; lastKnownFileType = sourcecode.swift; path = GFRepoItemVC.swift; sourceTree = "<group>"; };
		8AA7736223EEEF8F00F80642 /* GFFollowersItemVC.swift */ = {isa = PBXFileReference; lastKnownFileType = sourcecode.swift; path = GFFollowersItemVC.swift; sourceTree = "<group>"; };
		8AA7736423EEFB7800F80642 /* String+Ext.swift */ = {isa = PBXFileReference; lastKnownFileType = sourcecode.swift; path = "String+Ext.swift"; sourceTree = "<group>"; };
		8AA7736623EEFC5B00F80642 /* Date+Ext.swift */ = {isa = PBXFileReference; lastKnownFileType = sourcecode.swift; path = "Date+Ext.swift"; sourceTree = "<group>"; };
		8AA7736823F0A34A00F80642 /* PersistanceManager.swift */ = {isa = PBXFileReference; lastKnownFileType = sourcecode.swift; path = PersistanceManager.swift; sourceTree = "<group>"; };
		8AA7736A23F1532100F80642 /* FavouriteCell.swift */ = {isa = PBXFileReference; lastKnownFileType = sourcecode.swift; path = FavouriteCell.swift; sourceTree = "<group>"; };
		8AA7736C23F2050900F80642 /* UITableViewCell+Ext.swift */ = {isa = PBXFileReference; lastKnownFileType = sourcecode.swift; path = "UITableViewCell+Ext.swift"; sourceTree = "<group>"; };
		8AE39D5823DE527000C3A771 /* Constraints.swift */ = {isa = PBXFileReference; lastKnownFileType = sourcecode.swift; path = Constraints.swift; sourceTree = "<group>"; };
		8AF361E123DCFB4800915CE5 /* GFSubtitleLabel.swift */ = {isa = PBXFileReference; lastKnownFileType = sourcecode.swift; path = GFSubtitleLabel.swift; sourceTree = "<group>"; };
		8AF361E323DCFDF400915CE5 /* UIView+Extension.swift */ = {isa = PBXFileReference; lastKnownFileType = sourcecode.swift; path = "UIView+Extension.swift"; sourceTree = "<group>"; };
		8AF361E523DD007800915CE5 /* SFSymbol.swift */ = {isa = PBXFileReference; lastKnownFileType = sourcecode.swift; path = SFSymbol.swift; sourceTree = "<group>"; };
		8AF361E723DD01A800915CE5 /* UserHeaderVC.swift */ = {isa = PBXFileReference; lastKnownFileType = sourcecode.swift; path = UserHeaderVC.swift; sourceTree = "<group>"; };
		8AF62A2023E6064300748528 /* GFItemInfoView.swift */ = {isa = PBXFileReference; lastKnownFileType = sourcecode.swift; path = GFItemInfoView.swift; sourceTree = "<group>"; };
		8AF62A2223E63AFE00748528 /* GFInfoItemVC.swift */ = {isa = PBXFileReference; lastKnownFileType = sourcecode.swift; path = GFInfoItemVC.swift; sourceTree = "<group>"; };
/* End PBXFileReference section */

/* Begin PBXFrameworksBuildPhase section */
		8A6CEA7023BFE8D200F7FEFB /* Frameworks */ = {
			isa = PBXFrameworksBuildPhase;
			buildActionMask = 2147483647;
			files = (
			);
			runOnlyForDeploymentPostprocessing = 0;
		};
		8A9F81A623F99EEB00D07F18 /* Frameworks */ = {
			isa = PBXFrameworksBuildPhase;
			buildActionMask = 2147483647;
			files = (
			);
			runOnlyForDeploymentPostprocessing = 0;
		};
/* End PBXFrameworksBuildPhase section */

/* Begin PBXGroup section */
		8A6CEA6A23BFE8D200F7FEFB = {
			isa = PBXGroup;
			children = (
				8A6CEAAA23C24EA800F7FEFB /* Utilities */,
				8A6CEAA723C22C8D00F7FEFB /* Managers */,
				8A6CEAA223C224DD00F7FEFB /* Model */,
				8A6CEA7523BFE8D200F7FEFB /* GHFollowers */,
				8A9F81AA23F99EEC00D07F18 /* GHFollowersTests */,
				8A6CEA7423BFE8D200F7FEFB /* Products */,
			);
			sourceTree = "<group>";
		};
		8A6CEA7423BFE8D200F7FEFB /* Products */ = {
			isa = PBXGroup;
			children = (
				8A6CEA7323BFE8D200F7FEFB /* GHFollowers.app */,
				8A9F81A923F99EEB00D07F18 /* GHFollowersTests.xctest */,
			);
			name = Products;
			sourceTree = "<group>";
		};
		8A6CEA7523BFE8D200F7FEFB /* GHFollowers */ = {
			isa = PBXGroup;
			children = (
				8A9F819E23F8BC2100D07F18 /* Protocols */,
				8A6CEAA023C1296500F7FEFB /* Extensions */,
				8A6CEA9F23C1293600F7FEFB /* Custom Views */,
				8A6CEA9E23C1290600F7FEFB /* Screens */,
				8A6CEAA123C129C800F7FEFB /* Project */,
			);
			path = GHFollowers;
			sourceTree = "<group>";
		};
		8A6CEA9E23C1290600F7FEFB /* Screens */ = {
			isa = PBXGroup;
			children = (
				8A6CEA8A23BFEFCA00F7FEFB /* SearchVC.swift */,
				8A6CEA9223C0EEA200F7FEFB /* FollowersListVC.swift */,
				8A6CEA8C23BFEFEC00F7FEFB /* FavouritesListVC.swift */,
			);
			path = Screens;
			sourceTree = "<group>";
		};
		8A6CEA9F23C1293600F7FEFB /* Custom Views */ = {
			isa = PBXGroup;
			children = (
				8A6CEAAD23C2626E00F7FEFB /* Cells */,
				8A6CEACB23CBC62B00F7FEFB /* ViewControllers */,
				8A6CEAC523CBC5EB00F7FEFB /* Labels */,
				8A6CEAC623CBC5F100F7FEFB /* Buttons */,
				8A6CEAC823CBC60200F7FEFB /* TextFields */,
				8A6CEAC923CBC61A00F7FEFB /* ImageViews */,
				8A6CEACA23CBC62100F7FEFB /* Views */,
				8A9F819A23F8A3BC00D07F18 /* GFTabBarController.swift */,
			);
			path = "Custom Views";
			sourceTree = "<group>";
		};
		8A6CEAA023C1296500F7FEFB /* Extensions */ = {
			isa = PBXGroup;
			children = (
				8A6CEA9C23C124F700F7FEFB /* UIViewController+Extension.swift */,
				8A6CEA9423C0F31600F7FEFB /* String+Extensions.swift */,
				8AF361E323DCFDF400915CE5 /* UIView+Extension.swift */,
				8AE39D5823DE527000C3A771 /* Constraints.swift */,
				8AA7736C23F2050900F80642 /* UITableViewCell+Ext.swift */,
				8A9F81A123F976A600D07F18 /* UITableView+Ext.swift */,
			);
			path = Extensions;
			sourceTree = "<group>";
		};
		8A6CEAA123C129C800F7FEFB /* Project */ = {
			isa = PBXGroup;
			children = (
				8A6CEA7623BFE8D200F7FEFB /* AppDelegate.swift */,
				8A6CEA7823BFE8D200F7FEFB /* SceneDelegate.swift */,
				8A6CEA7C23BFE8D200F7FEFB /* Main.storyboard */,
				8A6CEA7F23BFE8D500F7FEFB /* Assets.xcassets */,
				8A6CEA8123BFE8D500F7FEFB /* LaunchScreen.storyboard */,
				8A6CEA8423BFE8D500F7FEFB /* Info.plist */,
			);
			path = Project;
			sourceTree = "<group>";
		};
		8A6CEAA223C224DD00F7FEFB /* Model */ = {
			isa = PBXGroup;
			children = (
				8A6CEAA323C224EC00F7FEFB /* Follower.swift */,
				8A6CEAA523C225C900F7FEFB /* User.swift */,
			);
			path = Model;
			sourceTree = "<group>";
		};
		8A6CEAA723C22C8D00F7FEFB /* Managers */ = {
			isa = PBXGroup;
			children = (
				8A6CEAA823C22C9A00F7FEFB /* NetworkManager.swift */,
				8AA7736823F0A34A00F80642 /* PersistanceManager.swift */,
			);
			path = Managers;
			sourceTree = "<group>";
		};
		8A6CEAAA23C24EA800F7FEFB /* Utilities */ = {
			isa = PBXGroup;
			children = (
				8A6CEAAB23C24EBC00F7FEFB /* GFError.swift */,
				8A6CEAB523C609A200F7FEFB /* UIHelper.swift */,
				8AF361E523DD007800915CE5 /* SFSymbol.swift */,
				8A8658CB23DE55840057132D /* Constrainted.swift */,
				8AA7736423EEFB7800F80642 /* String+Ext.swift */,
				8AA7736623EEFC5B00F80642 /* Date+Ext.swift */,
				8A9F819C23F8A80E00D07F18 /* UIDevice+Ext.swift */,
				8A9F81A323F979A100D07F18 /* Collection+Ext.swift */,
				8A9F81C123FB45C000D07F18 /* GFDecoder.swift */,
			);
			path = Utilities;
			sourceTree = "<group>";
		};
		8A6CEAAD23C2626E00F7FEFB /* Cells */ = {
			isa = PBXGroup;
			children = (
				8A6CEAAE23C2628D00F7FEFB /* FollowerCell.swift */,
				8AA7736A23F1532100F80642 /* FavouriteCell.swift */,
			);
			path = Cells;
			sourceTree = "<group>";
		};
		8A6CEAC523CBC5EB00F7FEFB /* Labels */ = {
			isa = PBXGroup;
			children = (
				8A6CEA9623C11C6700F7FEFB /* GFTitleLabel.swift */,
				8A6CEA9823C11DF300F7FEFB /* GFBodyLabel.swift */,
				8AF361E123DCFB4800915CE5 /* GFSubtitleLabel.swift */,
			);
			path = Labels;
			sourceTree = "<group>";
		};
		8A6CEAC623CBC5F100F7FEFB /* Buttons */ = {
			isa = PBXGroup;
			children = (
				8A6CEA8E23BFF81400F7FEFB /* GFButton.swift */,
			);
			path = Buttons;
			sourceTree = "<group>";
		};
		8A6CEAC823CBC60200F7FEFB /* TextFields */ = {
			isa = PBXGroup;
			children = (
				8A6CEA9023BFFA3700F7FEFB /* GFtextField.swift */,
			);
			path = TextFields;
			sourceTree = "<group>";
		};
		8A6CEAC923CBC61A00F7FEFB /* ImageViews */ = {
			isa = PBXGroup;
			children = (
				8A6CEAB023C2630900F7FEFB /* GFAvatarImageView.swift */,
			);
			path = ImageViews;
			sourceTree = "<group>";
		};
		8A6CEACA23CBC62100F7FEFB /* Views */ = {
			isa = PBXGroup;
			children = (
				8A6CEAC323CBC5E200F7FEFB /* EmptyStateView.swift */,
				8AF62A2023E6064300748528 /* GFItemInfoView.swift */,
			);
			path = Views;
			sourceTree = "<group>";
		};
		8A6CEACB23CBC62B00F7FEFB /* ViewControllers */ = {
			isa = PBXGroup;
			children = (
				8AA7735F23EEEE5200F80642 /* GFInfoVCs */,
				8A6CEA9A23C11F1800F7FEFB /* GFAlertVC.swift */,
				8A4D246723D4C5510078F8EF /* UserInfoVC.swift */,
				8AF361E723DD01A800915CE5 /* UserHeaderVC.swift */,
			);
			path = ViewControllers;
			sourceTree = "<group>";
		};
		8A9F819E23F8BC2100D07F18 /* Protocols */ = {
			isa = PBXGroup;
			children = (
				8A9F819F23F8BC2E00D07F18 /* Loadable.swift */,
			);
			path = Protocols;
			sourceTree = "<group>";
		};
		8A9F81AA23F99EEC00D07F18 /* GHFollowersTests */ = {
			isa = PBXGroup;
			children = (
				8A9F81BD23FB3FA200D07F18 /* ViewControllers */,
				8A9F81BB23F9BA1200D07F18 /* Utils */,
				8A9F81B623F9ACFB00D07F18 /* Mocks */,
				8A9F81B323F9A44300D07F18 /* Models */,
				8A9F81BC23FB3F6100D07F18 /* Services */,
				8A9F81AD23F99EEC00D07F18 /* Info.plist */,
			);
			path = GHFollowersTests;
			sourceTree = "<group>";
		};
		8A9F81B323F9A44300D07F18 /* Models */ = {
			isa = PBXGroup;
			children = (
				8A9F81AB23F99EEC00D07F18 /* FollowerTests.swift */,
				8A9F81C423FB4B8000D07F18 /* UserTests.swift */,
			);
			path = Models;
			sourceTree = "<group>";
		};
		8A9F81B623F9ACFB00D07F18 /* Mocks */ = {
			isa = PBXGroup;
			children = (
				8A9F81B423F9ACF700D07F18 /* NetworkSessionMock.swift */,
			);
			path = Mocks;
			sourceTree = "<group>";
		};
		8A9F81BB23F9BA1200D07F18 /* Utils */ = {
			isa = PBXGroup;
			children = (
				8A9F81B923F9B9FC00D07F18 /* GFEncoder.swift */,
			);
			path = Utils;
			sourceTree = "<group>";
		};
		8A9F81BC23FB3F6100D07F18 /* Services */ = {
			isa = PBXGroup;
			children = (
				8A9F81B723F9AD6E00D07F18 /* NetworkManagerTests.swift */,
			);
			path = Services;
			sourceTree = "<group>";
		};
		8A9F81BD23FB3FA200D07F18 /* ViewControllers */ = {
			isa = PBXGroup;
			children = (
				8A9F81BE23FB3FB800D07F18 /* FollowersListVCTests.swift */,
			);
			path = ViewControllers;
			sourceTree = "<group>";
		};
		8AA7735F23EEEE5200F80642 /* GFInfoVCs */ = {
			isa = PBXGroup;
			children = (
				8AF62A2223E63AFE00748528 /* GFInfoItemVC.swift */,
				8AA7736023EEEE6F00F80642 /* GFRepoItemVC.swift */,
				8AA7736223EEEF8F00F80642 /* GFFollowersItemVC.swift */,
			);
			path = GFInfoVCs;
			sourceTree = "<group>";
		};
/* End PBXGroup section */

/* Begin PBXNativeTarget section */
		8A6CEA7223BFE8D200F7FEFB /* GHFollowers */ = {
			isa = PBXNativeTarget;
			buildConfigurationList = 8A6CEA8723BFE8D500F7FEFB /* Build configuration list for PBXNativeTarget "GHFollowers" */;
			buildPhases = (
				8A6CEA6F23BFE8D200F7FEFB /* Sources */,
				8A6CEA7023BFE8D200F7FEFB /* Frameworks */,
				8A6CEA7123BFE8D200F7FEFB /* Resources */,
			);
			buildRules = (
			);
			dependencies = (
			);
			name = GHFollowers;
			productName = GHFollowers;
			productReference = 8A6CEA7323BFE8D200F7FEFB /* GHFollowers.app */;
			productType = "com.apple.product-type.application";
		};
		8A9F81A823F99EEB00D07F18 /* GHFollowersTests */ = {
			isa = PBXNativeTarget;
			buildConfigurationList = 8A9F81B023F99EEC00D07F18 /* Build configuration list for PBXNativeTarget "GHFollowersTests" */;
			buildPhases = (
				8A9F81A523F99EEB00D07F18 /* Sources */,
				8A9F81A623F99EEB00D07F18 /* Frameworks */,
				8A9F81A723F99EEB00D07F18 /* Resources */,
			);
			buildRules = (
			);
			dependencies = (
				8A9F81AF23F99EEC00D07F18 /* PBXTargetDependency */,
			);
			name = GHFollowersTests;
			productName = GHFollowersTests;
			productReference = 8A9F81A923F99EEB00D07F18 /* GHFollowersTests.xctest */;
			productType = "com.apple.product-type.bundle.unit-test";
		};
/* End PBXNativeTarget section */

/* Begin PBXProject section */
		8A6CEA6B23BFE8D200F7FEFB /* Project object */ = {
			isa = PBXProject;
			attributes = {
				LastSwiftUpdateCheck = 1120;
				LastUpgradeCheck = 1120;
				ORGANIZATIONNAME = "Piotr Szadkowski";
				TargetAttributes = {
					8A6CEA7223BFE8D200F7FEFB = {
						CreatedOnToolsVersion = 11.2;
					};
					8A9F81A823F99EEB00D07F18 = {
						CreatedOnToolsVersion = 11.2;
						TestTargetID = 8A6CEA7223BFE8D200F7FEFB;
					};
				};
			};
			buildConfigurationList = 8A6CEA6E23BFE8D200F7FEFB /* Build configuration list for PBXProject "GHFollowers" */;
			compatibilityVersion = "Xcode 9.3";
			developmentRegion = en;
			hasScannedForEncodings = 0;
			knownRegions = (
				en,
				Base,
			);
			mainGroup = 8A6CEA6A23BFE8D200F7FEFB;
			productRefGroup = 8A6CEA7423BFE8D200F7FEFB /* Products */;
			projectDirPath = "";
			projectRoot = "";
			targets = (
				8A6CEA7223BFE8D200F7FEFB /* GHFollowers */,
				8A9F81A823F99EEB00D07F18 /* GHFollowersTests */,
			);
		};
/* End PBXProject section */

/* Begin PBXResourcesBuildPhase section */
		8A6CEA7123BFE8D200F7FEFB /* Resources */ = {
			isa = PBXResourcesBuildPhase;
			buildActionMask = 2147483647;
			files = (
				8A6CEA8323BFE8D500F7FEFB /* LaunchScreen.storyboard in Resources */,
				8A6CEA8023BFE8D500F7FEFB /* Assets.xcassets in Resources */,
				8A6CEA7E23BFE8D200F7FEFB /* Main.storyboard in Resources */,
			);
			runOnlyForDeploymentPostprocessing = 0;
		};
		8A9F81A723F99EEB00D07F18 /* Resources */ = {
			isa = PBXResourcesBuildPhase;
			buildActionMask = 2147483647;
			files = (
			);
			runOnlyForDeploymentPostprocessing = 0;
		};
/* End PBXResourcesBuildPhase section */

/* Begin PBXSourcesBuildPhase section */
		8A6CEA6F23BFE8D200F7FEFB /* Sources */ = {
			isa = PBXSourcesBuildPhase;
			buildActionMask = 2147483647;
			files = (
				8A6CEA9D23C124F700F7FEFB /* UIViewController+Extension.swift in Sources */,
				8A9F81C323FB45FA00D07F18 /* GFDecoder.swift in Sources */,
				8AA7736D23F2050900F80642 /* UITableViewCell+Ext.swift in Sources */,
				8A6CEA9123BFFA3700F7FEFB /* GFtextField.swift in Sources */,
				8AF62A2123E6064300748528 /* GFItemInfoView.swift in Sources */,
				8AA7736923F0A34A00F80642 /* PersistanceManager.swift in Sources */,
				8A6CEAC423CBC5E200F7FEFB /* EmptyStateView.swift in Sources */,
				8A6CEA9323C0EEA200F7FEFB /* FollowersListVC.swift in Sources */,
				8A6CEA8B23BFEFCA00F7FEFB /* SearchVC.swift in Sources */,
				8AA7736723EEFC5B00F80642 /* Date+Ext.swift in Sources */,
				8AF62A2323E63AFE00748528 /* GFInfoItemVC.swift in Sources */,
				8A6CEA8F23BFF81400F7FEFB /* GFButton.swift in Sources */,
				8A6CEA9523C0F31600F7FEFB /* String+Extensions.swift in Sources */,
				8A6CEAA623C225C900F7FEFB /* User.swift in Sources */,
				8AF361E623DD007800915CE5 /* SFSymbol.swift in Sources */,
				8A9F81A423F979A100D07F18 /* Collection+Ext.swift in Sources */,
				8A6CEAAF23C2628D00F7FEFB /* FollowerCell.swift in Sources */,
				8AA7736123EEEE6F00F80642 /* GFRepoItemVC.swift in Sources */,
				8A6CEAB123C2630900F7FEFB /* GFAvatarImageView.swift in Sources */,
				8A9F81A023F8BC2E00D07F18 /* Loadable.swift in Sources */,
				8AF361E423DCFDF400915CE5 /* UIView+Extension.swift in Sources */,
				8A6CEA9B23C11F1800F7FEFB /* GFAlertVC.swift in Sources */,
				8A4D246823D4C5510078F8EF /* UserInfoVC.swift in Sources */,
				8A6CEAA423C224EC00F7FEFB /* Follower.swift in Sources */,
				8A6CEA7723BFE8D200F7FEFB /* AppDelegate.swift in Sources */,
				8A6CEA9723C11C6700F7FEFB /* GFTitleLabel.swift in Sources */,
				8A6CEA8D23BFEFEC00F7FEFB /* FavouritesListVC.swift in Sources */,
				8AE39D5923DE527000C3A771 /* Constraints.swift in Sources */,
				8AF361E823DD01A800915CE5 /* UserHeaderVC.swift in Sources */,
				8A9F819B23F8A3BC00D07F18 /* GFTabBarController.swift in Sources */,
				8A9F819D23F8A80E00D07F18 /* UIDevice+Ext.swift in Sources */,
				8A6CEAAC23C24EBC00F7FEFB /* GFError.swift in Sources */,
				8AA7736323EEEF8F00F80642 /* GFFollowersItemVC.swift in Sources */,
				8AF361E223DCFB4800915CE5 /* GFSubtitleLabel.swift in Sources */,
				8A6CEAB623C609A200F7FEFB /* UIHelper.swift in Sources */,
				8A6CEAA923C22C9A00F7FEFB /* NetworkManager.swift in Sources */,
				8AA7736B23F1532100F80642 /* FavouriteCell.swift in Sources */,
				8A6CEA7923BFE8D200F7FEFB /* SceneDelegate.swift in Sources */,
				8A8658CC23DE55840057132D /* Constrainted.swift in Sources */,
				8A9F81A223F976A600D07F18 /* UITableView+Ext.swift in Sources */,
				8AA7736523EEFB7800F80642 /* String+Ext.swift in Sources */,
				8A6CEA9923C11DF300F7FEFB /* GFBodyLabel.swift in Sources */,
			);
			runOnlyForDeploymentPostprocessing = 0;
		};
		8A9F81A523F99EEB00D07F18 /* Sources */ = {
			isa = PBXSourcesBuildPhase;
			buildActionMask = 2147483647;
			files = (
				8A9F81B823F9AD6E00D07F18 /* NetworkManagerTests.swift in Sources */,
				8A9F81BF23FB3FB800D07F18 /* FollowersListVCTests.swift in Sources */,
				8A9F81C523FB4B8000D07F18 /* UserTests.swift in Sources */,
				8A9F81AC23F99EEC00D07F18 /* FollowerTests.swift in Sources */,
				8A9F81B523F9ACF700D07F18 /* NetworkSessionMock.swift in Sources */,
				8A9F81C723FB4C1E00D07F18 /* GFEncoder.swift in Sources */,
			);
			runOnlyForDeploymentPostprocessing = 0;
		};
/* End PBXSourcesBuildPhase section */

/* Begin PBXTargetDependency section */
		8A9F81AF23F99EEC00D07F18 /* PBXTargetDependency */ = {
			isa = PBXTargetDependency;
			target = 8A6CEA7223BFE8D200F7FEFB /* GHFollowers */;
			targetProxy = 8A9F81AE23F99EEC00D07F18 /* PBXContainerItemProxy */;
		};
/* End PBXTargetDependency section */

/* Begin PBXVariantGroup section */
		8A6CEA7C23BFE8D200F7FEFB /* Main.storyboard */ = {
			isa = PBXVariantGroup;
			children = (
				8A6CEA7D23BFE8D200F7FEFB /* Base */,
			);
			name = Main.storyboard;
			sourceTree = "<group>";
		};
		8A6CEA8123BFE8D500F7FEFB /* LaunchScreen.storyboard */ = {
			isa = PBXVariantGroup;
			children = (
				8A6CEA8223BFE8D500F7FEFB /* Base */,
			);
			name = LaunchScreen.storyboard;
			sourceTree = "<group>";
		};
/* End PBXVariantGroup section */

/* Begin XCBuildConfiguration section */
		8A6CEA8523BFE8D500F7FEFB /* Debug */ = {
			isa = XCBuildConfiguration;
			buildSettings = {
				ALWAYS_SEARCH_USER_PATHS = NO;
				CLANG_ANALYZER_NONNULL = YES;
				CLANG_ANALYZER_NUMBER_OBJECT_CONVERSION = YES_AGGRESSIVE;
				CLANG_CXX_LANGUAGE_STANDARD = "gnu++14";
				CLANG_CXX_LIBRARY = "libc++";
				CLANG_ENABLE_MODULES = YES;
				CLANG_ENABLE_OBJC_ARC = YES;
				CLANG_ENABLE_OBJC_WEAK = YES;
				CLANG_WARN_BLOCK_CAPTURE_AUTORELEASING = YES;
				CLANG_WARN_BOOL_CONVERSION = YES;
				CLANG_WARN_COMMA = YES;
				CLANG_WARN_CONSTANT_CONVERSION = YES;
				CLANG_WARN_DEPRECATED_OBJC_IMPLEMENTATIONS = YES;
				CLANG_WARN_DIRECT_OBJC_ISA_USAGE = YES_ERROR;
				CLANG_WARN_DOCUMENTATION_COMMENTS = YES;
				CLANG_WARN_EMPTY_BODY = YES;
				CLANG_WARN_ENUM_CONVERSION = YES;
				CLANG_WARN_INFINITE_RECURSION = YES;
				CLANG_WARN_INT_CONVERSION = YES;
				CLANG_WARN_NON_LITERAL_NULL_CONVERSION = YES;
				CLANG_WARN_OBJC_IMPLICIT_RETAIN_SELF = YES;
				CLANG_WARN_OBJC_LITERAL_CONVERSION = YES;
				CLANG_WARN_OBJC_ROOT_CLASS = YES_ERROR;
				CLANG_WARN_RANGE_LOOP_ANALYSIS = YES;
				CLANG_WARN_STRICT_PROTOTYPES = YES;
				CLANG_WARN_SUSPICIOUS_MOVE = YES;
				CLANG_WARN_UNGUARDED_AVAILABILITY = YES_AGGRESSIVE;
				CLANG_WARN_UNREACHABLE_CODE = YES;
				CLANG_WARN__DUPLICATE_METHOD_MATCH = YES;
				COPY_PHASE_STRIP = NO;
				DEBUG_INFORMATION_FORMAT = dwarf;
				ENABLE_STRICT_OBJC_MSGSEND = YES;
				ENABLE_TESTABILITY = YES;
				GCC_C_LANGUAGE_STANDARD = gnu11;
				GCC_DYNAMIC_NO_PIC = NO;
				GCC_NO_COMMON_BLOCKS = YES;
				GCC_OPTIMIZATION_LEVEL = 0;
				GCC_PREPROCESSOR_DEFINITIONS = (
					"DEBUG=1",
					"$(inherited)",
				);
				GCC_WARN_64_TO_32_BIT_CONVERSION = YES;
				GCC_WARN_ABOUT_RETURN_TYPE = YES_ERROR;
				GCC_WARN_UNDECLARED_SELECTOR = YES;
				GCC_WARN_UNINITIALIZED_AUTOS = YES_AGGRESSIVE;
				GCC_WARN_UNUSED_FUNCTION = YES;
				GCC_WARN_UNUSED_VARIABLE = YES;
				IPHONEOS_DEPLOYMENT_TARGET = 13.2;
				MTL_ENABLE_DEBUG_INFO = INCLUDE_SOURCE;
				MTL_FAST_MATH = YES;
				ONLY_ACTIVE_ARCH = YES;
				SDKROOT = iphoneos;
				SWIFT_ACTIVE_COMPILATION_CONDITIONS = DEBUG;
				SWIFT_OPTIMIZATION_LEVEL = "-Onone";
			};
			name = Debug;
		};
		8A6CEA8623BFE8D500F7FEFB /* Release */ = {
			isa = XCBuildConfiguration;
			buildSettings = {
				ALWAYS_SEARCH_USER_PATHS = NO;
				CLANG_ANALYZER_NONNULL = YES;
				CLANG_ANALYZER_NUMBER_OBJECT_CONVERSION = YES_AGGRESSIVE;
				CLANG_CXX_LANGUAGE_STANDARD = "gnu++14";
				CLANG_CXX_LIBRARY = "libc++";
				CLANG_ENABLE_MODULES = YES;
				CLANG_ENABLE_OBJC_ARC = YES;
				CLANG_ENABLE_OBJC_WEAK = YES;
				CLANG_WARN_BLOCK_CAPTURE_AUTORELEASING = YES;
				CLANG_WARN_BOOL_CONVERSION = YES;
				CLANG_WARN_COMMA = YES;
				CLANG_WARN_CONSTANT_CONVERSION = YES;
				CLANG_WARN_DEPRECATED_OBJC_IMPLEMENTATIONS = YES;
				CLANG_WARN_DIRECT_OBJC_ISA_USAGE = YES_ERROR;
				CLANG_WARN_DOCUMENTATION_COMMENTS = YES;
				CLANG_WARN_EMPTY_BODY = YES;
				CLANG_WARN_ENUM_CONVERSION = YES;
				CLANG_WARN_INFINITE_RECURSION = YES;
				CLANG_WARN_INT_CONVERSION = YES;
				CLANG_WARN_NON_LITERAL_NULL_CONVERSION = YES;
				CLANG_WARN_OBJC_IMPLICIT_RETAIN_SELF = YES;
				CLANG_WARN_OBJC_LITERAL_CONVERSION = YES;
				CLANG_WARN_OBJC_ROOT_CLASS = YES_ERROR;
				CLANG_WARN_RANGE_LOOP_ANALYSIS = YES;
				CLANG_WARN_STRICT_PROTOTYPES = YES;
				CLANG_WARN_SUSPICIOUS_MOVE = YES;
				CLANG_WARN_UNGUARDED_AVAILABILITY = YES_AGGRESSIVE;
				CLANG_WARN_UNREACHABLE_CODE = YES;
				CLANG_WARN__DUPLICATE_METHOD_MATCH = YES;
				COPY_PHASE_STRIP = NO;
				DEBUG_INFORMATION_FORMAT = "dwarf-with-dsym";
				ENABLE_NS_ASSERTIONS = NO;
				ENABLE_STRICT_OBJC_MSGSEND = YES;
				GCC_C_LANGUAGE_STANDARD = gnu11;
				GCC_NO_COMMON_BLOCKS = YES;
				GCC_WARN_64_TO_32_BIT_CONVERSION = YES;
				GCC_WARN_ABOUT_RETURN_TYPE = YES_ERROR;
				GCC_WARN_UNDECLARED_SELECTOR = YES;
				GCC_WARN_UNINITIALIZED_AUTOS = YES_AGGRESSIVE;
				GCC_WARN_UNUSED_FUNCTION = YES;
				GCC_WARN_UNUSED_VARIABLE = YES;
				IPHONEOS_DEPLOYMENT_TARGET = 13.2;
				MTL_ENABLE_DEBUG_INFO = NO;
				MTL_FAST_MATH = YES;
				SDKROOT = iphoneos;
				SWIFT_COMPILATION_MODE = wholemodule;
				SWIFT_OPTIMIZATION_LEVEL = "-O";
				VALIDATE_PRODUCT = YES;
			};
			name = Release;
		};
		8A6CEA8823BFE8D500F7FEFB /* Debug */ = {
			isa = XCBuildConfiguration;
			buildSettings = {
				ASSETCATALOG_COMPILER_APPICON_NAME = AppIcon;
				CODE_SIGN_STYLE = Automatic;
				DEVELOPMENT_TEAM = 3L3PA22CNL;
				INFOPLIST_FILE = GHFollowers/Project/Info.plist;
				LD_RUNPATH_SEARCH_PATHS = (
					"$(inherited)",
					"@executable_path/Frameworks",
				);
				PRODUCT_BUNDLE_IDENTIFIER = com.offfhecode.GHFollowers;
				PRODUCT_NAME = "$(TARGET_NAME)";
				SWIFT_VERSION = 5.0;
				TARGETED_DEVICE_FAMILY = 1;
			};
			name = Debug;
		};
		8A6CEA8923BFE8D500F7FEFB /* Release */ = {
			isa = XCBuildConfiguration;
			buildSettings = {
				ASSETCATALOG_COMPILER_APPICON_NAME = AppIcon;
				CODE_SIGN_STYLE = Automatic;
				DEVELOPMENT_TEAM = 3L3PA22CNL;
				INFOPLIST_FILE = GHFollowers/Project/Info.plist;
				LD_RUNPATH_SEARCH_PATHS = (
					"$(inherited)",
					"@executable_path/Frameworks",
				);
				PRODUCT_BUNDLE_IDENTIFIER = com.offfhecode.GHFollowers;
				PRODUCT_NAME = "$(TARGET_NAME)";
				SWIFT_VERSION = 5.0;
				TARGETED_DEVICE_FAMILY = 1;
			};
			name = Release;
		};
		8A9F81B123F99EEC00D07F18 /* Debug */ = {
			isa = XCBuildConfiguration;
			buildSettings = {
				BUNDLE_LOADER = "$(TEST_HOST)";
				CODE_SIGN_STYLE = Automatic;
				DEVELOPMENT_TEAM = 3L3PA22CNL;
				INFOPLIST_FILE = GHFollowersTests/Info.plist;
				LD_RUNPATH_SEARCH_PATHS = (
					"$(inherited)",
					"@executable_path/Frameworks",
					"@loader_path/Frameworks",
				);
				PRODUCT_BUNDLE_IDENTIFIER = com.infullmobile.GHFollowersTests;
				PRODUCT_NAME = "$(TARGET_NAME)";
				SWIFT_VERSION = 5.0;
				TARGETED_DEVICE_FAMILY = "1,2";
				TEST_HOST = "$(BUILT_PRODUCTS_DIR)/GHFollowers.app/GHFollowers";
			};
			name = Debug;
		};
		8A9F81B223F99EEC00D07F18 /* Release */ = {
			isa = XCBuildConfiguration;
			buildSettings = {
				BUNDLE_LOADER = "$(TEST_HOST)";
				CODE_SIGN_STYLE = Automatic;
				DEVELOPMENT_TEAM = 3L3PA22CNL;
				INFOPLIST_FILE = GHFollowersTests/Info.plist;
				LD_RUNPATH_SEARCH_PATHS = (
					"$(inherited)",
					"@executable_path/Frameworks",
					"@loader_path/Frameworks",
				);
				PRODUCT_BUNDLE_IDENTIFIER = com.infullmobile.GHFollowersTests;
				PRODUCT_NAME = "$(TARGET_NAME)";
				SWIFT_VERSION = 5.0;
				TARGETED_DEVICE_FAMILY = "1,2";
				TEST_HOST = "$(BUILT_PRODUCTS_DIR)/GHFollowers.app/GHFollowers";
			};
			name = Release;
		};
/* End XCBuildConfiguration section */

/* Begin XCConfigurationList section */
		8A6CEA6E23BFE8D200F7FEFB /* Build configuration list for PBXProject "GHFollowers" */ = {
			isa = XCConfigurationList;
			buildConfigurations = (
				8A6CEA8523BFE8D500F7FEFB /* Debug */,
				8A6CEA8623BFE8D500F7FEFB /* Release */,
			);
			defaultConfigurationIsVisible = 0;
			defaultConfigurationName = Release;
		};
		8A6CEA8723BFE8D500F7FEFB /* Build configuration list for PBXNativeTarget "GHFollowers" */ = {
			isa = XCConfigurationList;
			buildConfigurations = (
				8A6CEA8823BFE8D500F7FEFB /* Debug */,
				8A6CEA8923BFE8D500F7FEFB /* Release */,
			);
			defaultConfigurationIsVisible = 0;
			defaultConfigurationName = Release;
		};
		8A9F81B023F99EEC00D07F18 /* Build configuration list for PBXNativeTarget "GHFollowersTests" */ = {
			isa = XCConfigurationList;
			buildConfigurations = (
				8A9F81B123F99EEC00D07F18 /* Debug */,
				8A9F81B223F99EEC00D07F18 /* Release */,
			);
			defaultConfigurationIsVisible = 0;
			defaultConfigurationName = Release;
		};
/* End XCConfigurationList section */
	};
	rootObject = 8A6CEA6B23BFE8D200F7FEFB /* Project object */;
}
