// !$*UTF8*$!
{
	archiveVersion = 1;
	classes = {
	};
	objectVersion = 50;
	objects = {

/* Begin PBXBuildFile section */
		8A6CEA7723BFE8D200F7FEFB /* AppDelegate.swift in Sources */ = {isa = PBXBuildFile; fileRef = 8A6CEA7623BFE8D200F7FEFB /* AppDelegate.swift */; };
		8A6CEA7923BFE8D200F7FEFB /* SceneDelegate.swift in Sources */ = {isa = PBXBuildFile; fileRef = 8A6CEA7823BFE8D200F7FEFB /* SceneDelegate.swift */; };
		8A6CEA7E23BFE8D200F7FEFB /* Main.storyboard in Resources */ = {isa = PBXBuildFile; fileRef = 8A6CEA7C23BFE8D200F7FEFB /* Main.storyboard */; };
		8A6CEA8023BFE8D500F7FEFB /* Assets.xcassets in Resources */ = {isa = PBXBuildFile; fileRef = 8A6CEA7F23BFE8D500F7FEFB /* Assets.xcassets */; };
		8A6CEA8323BFE8D500F7FEFB /* LaunchScreen.storyboard in Resources */ = {isa = PBXBuildFile; fileRef = 8A6CEA8123BFE8D500F7FEFB /* LaunchScreen.storyboard */; };
		8A6CEA8B23BFEFCA00F7FEFB /* SearchVC.swift in Sources */ = {isa = PBXBuildFile; fileRef = 8A6CEA8A23BFEFCA00F7FEFB /* SearchVC.swift */; };
		8A6CEA8D23BFEFEC00F7FEFB /* FavouritesListVC.swift in Sources */ = {isa = PBXBuildFile; fileRef = 8A6CEA8C23BFEFEC00F7FEFB /* FavouritesListVC.swift */; };
		8A6CEA8F23BFF81400F7FEFB /* GFButton.swift in Sources */ = {isa = PBXBuildFile; fileRef = 8A6CEA8E23BFF81400F7FEFB /* GFButton.swift */; };
		8A6CEA9123BFFA3700F7FEFB /* GFtextField.swift in Sources */ = {isa = PBXBuildFile; fileRef = 8A6CEA9023BFFA3700F7FEFB /* GFtextField.swift */; };
		8A6CEA9323C0EEA200F7FEFB /* FollowersListVC.swift in Sources */ = {isa = PBXBuildFile; fileRef = 8A6CEA9223C0EEA200F7FEFB /* FollowersListVC.swift */; };
		8A6CEA9523C0F31600F7FEFB /* String+Extensions.swift in Sources */ = {isa = PBXBuildFile; fileRef = 8A6CEA9423C0F31600F7FEFB /* String+Extensions.swift */; };
		8A6CEA9723C11C6700F7FEFB /* GFTitleLabel.swift in Sources */ = {isa = PBXBuildFile; fileRef = 8A6CEA9623C11C6700F7FEFB /* GFTitleLabel.swift */; };
		8A6CEA9923C11DF300F7FEFB /* GFBodyLabel.swift in Sources */ = {isa = PBXBuildFile; fileRef = 8A6CEA9823C11DF300F7FEFB /* GFBodyLabel.swift */; };
		8A6CEA9B23C11F1800F7FEFB /* GFAlertVC.swift in Sources */ = {isa = PBXBuildFile; fileRef = 8A6CEA9A23C11F1800F7FEFB /* GFAlertVC.swift */; };
		8A6CEA9D23C124F700F7FEFB /* UIViewController+Extension.swift in Sources */ = {isa = PBXBuildFile; fileRef = 8A6CEA9C23C124F700F7FEFB /* UIViewController+Extension.swift */; };
		8A6CEAA423C224EC00F7FEFB /* Follower.swift in Sources */ = {isa = PBXBuildFile; fileRef = 8A6CEAA323C224EC00F7FEFB /* Follower.swift */; };
		8A6CEAA623C225C900F7FEFB /* User.swift in Sources */ = {isa = PBXBuildFile; fileRef = 8A6CEAA523C225C900F7FEFB /* User.swift */; };
		8A6CEAA923C22C9A00F7FEFB /* NetworkManager.swift in Sources */ = {isa = PBXBuildFile; fileRef = 8A6CEAA823C22C9A00F7FEFB /* NetworkManager.swift */; };
		8A6CEAAC23C24EBC00F7FEFB /* GFError.swift in Sources */ = {isa = PBXBuildFile; fileRef = 8A6CEAAB23C24EBC00F7FEFB /* GFError.swift */; };
/* End PBXBuildFile section */

/* Begin PBXFileReference section */
		8A6CEA7323BFE8D200F7FEFB /* GHFollowers.app */ = {isa = PBXFileReference; explicitFileType = wrapper.application; includeInIndex = 0; path = GHFollowers.app; sourceTree = BUILT_PRODUCTS_DIR; };
		8A6CEA7623BFE8D200F7FEFB /* AppDelegate.swift */ = {isa = PBXFileReference; lastKnownFileType = sourcecode.swift; path = AppDelegate.swift; sourceTree = "<group>"; };
		8A6CEA7823BFE8D200F7FEFB /* SceneDelegate.swift */ = {isa = PBXFileReference; lastKnownFileType = sourcecode.swift; path = SceneDelegate.swift; sourceTree = "<group>"; };
		8A6CEA7D23BFE8D200F7FEFB /* Base */ = {isa = PBXFileReference; lastKnownFileType = file.storyboard; name = Base; path = Base.lproj/Main.storyboard; sourceTree = "<group>"; };
		8A6CEA7F23BFE8D500F7FEFB /* Assets.xcassets */ = {isa = PBXFileReference; lastKnownFileType = folder.assetcatalog; path = Assets.xcassets; sourceTree = "<group>"; };
		8A6CEA8223BFE8D500F7FEFB /* Base */ = {isa = PBXFileReference; lastKnownFileType = file.storyboard; name = Base; path = Base.lproj/LaunchScreen.storyboard; sourceTree = "<group>"; };
		8A6CEA8423BFE8D500F7FEFB /* Info.plist */ = {isa = PBXFileReference; lastKnownFileType = text.plist.xml; path = Info.plist; sourceTree = "<group>"; };
		8A6CEA8A23BFEFCA00F7FEFB /* SearchVC.swift */ = {isa = PBXFileReference; lastKnownFileType = sourcecode.swift; path = SearchVC.swift; sourceTree = "<group>"; };
		8A6CEA8C23BFEFEC00F7FEFB /* FavouritesListVC.swift */ = {isa = PBXFileReference; lastKnownFileType = sourcecode.swift; path = FavouritesListVC.swift; sourceTree = "<group>"; };
		8A6CEA8E23BFF81400F7FEFB /* GFButton.swift */ = {isa = PBXFileReference; lastKnownFileType = sourcecode.swift; path = GFButton.swift; sourceTree = "<group>"; };
		8A6CEA9023BFFA3700F7FEFB /* GFtextField.swift */ = {isa = PBXFileReference; lastKnownFileType = sourcecode.swift; path = GFtextField.swift; sourceTree = "<group>"; };
		8A6CEA9223C0EEA200F7FEFB /* FollowersListVC.swift */ = {isa = PBXFileReference; lastKnownFileType = sourcecode.swift; path = FollowersListVC.swift; sourceTree = "<group>"; };
		8A6CEA9423C0F31600F7FEFB /* String+Extensions.swift */ = {isa = PBXFileReference; lastKnownFileType = sourcecode.swift; path = "String+Extensions.swift"; sourceTree = "<group>"; };
		8A6CEA9623C11C6700F7FEFB /* GFTitleLabel.swift */ = {isa = PBXFileReference; lastKnownFileType = sourcecode.swift; path = GFTitleLabel.swift; sourceTree = "<group>"; };
		8A6CEA9823C11DF300F7FEFB /* GFBodyLabel.swift */ = {isa = PBXFileReference; lastKnownFileType = sourcecode.swift; path = GFBodyLabel.swift; sourceTree = "<group>"; };
		8A6CEA9A23C11F1800F7FEFB /* GFAlertVC.swift */ = {isa = PBXFileReference; lastKnownFileType = sourcecode.swift; path = GFAlertVC.swift; sourceTree = "<group>"; };
		8A6CEA9C23C124F700F7FEFB /* UIViewController+Extension.swift */ = {isa = PBXFileReference; lastKnownFileType = sourcecode.swift; path = "UIViewController+Extension.swift"; sourceTree = "<group>"; };
		8A6CEAA323C224EC00F7FEFB /* Follower.swift */ = {isa = PBXFileReference; lastKnownFileType = sourcecode.swift; path = Follower.swift; sourceTree = "<group>"; };
		8A6CEAA523C225C900F7FEFB /* User.swift */ = {isa = PBXFileReference; lastKnownFileType = sourcecode.swift; path = User.swift; sourceTree = "<group>"; };
		8A6CEAA823C22C9A00F7FEFB /* NetworkManager.swift */ = {isa = PBXFileReference; lastKnownFileType = sourcecode.swift; path = NetworkManager.swift; sourceTree = "<group>"; };
		8A6CEAAB23C24EBC00F7FEFB /* GFError.swift */ = {isa = PBXFileReference; lastKnownFileType = sourcecode.swift; path = GFError.swift; sourceTree = "<group>"; };
/* End PBXFileReference section */

/* Begin PBXFrameworksBuildPhase section */
		8A6CEA7023BFE8D200F7FEFB /* Frameworks */ = {
			isa = PBXFrameworksBuildPhase;
			buildActionMask = 2147483647;
			files = (
			);
			runOnlyForDeploymentPostprocessing = 0;
		};
/* End PBXFrameworksBuildPhase section */

/* Begin PBXGroup section */
		8A6CEA6A23BFE8D200F7FEFB = {
			isa = PBXGroup;
			children = (
				8A6CEAAA23C24EA800F7FEFB /* Utilities */,
				8A6CEAA723C22C8D00F7FEFB /* Managers */,
				8A6CEAA223C224DD00F7FEFB /* Model */,
				8A6CEA7523BFE8D200F7FEFB /* GHFollowers */,
				8A6CEA7423BFE8D200F7FEFB /* Products */,
			);
			sourceTree = "<group>";
		};
		8A6CEA7423BFE8D200F7FEFB /* Products */ = {
			isa = PBXGroup;
			children = (
				8A6CEA7323BFE8D200F7FEFB /* GHFollowers.app */,
			);
			name = Products;
			sourceTree = "<group>";
		};
		8A6CEA7523BFE8D200F7FEFB /* GHFollowers */ = {
			isa = PBXGroup;
			children = (
				8A6CEAA023C1296500F7FEFB /* Extensions */,
				8A6CEA9F23C1293600F7FEFB /* Custom Views */,
				8A6CEA9E23C1290600F7FEFB /* Screens */,
				8A6CEAA123C129C800F7FEFB /* Project */,
			);
			path = GHFollowers;
			sourceTree = "<group>";
		};
		8A6CEA9E23C1290600F7FEFB /* Screens */ = {
			isa = PBXGroup;
			children = (
				8A6CEA8A23BFEFCA00F7FEFB /* SearchVC.swift */,
				8A6CEA9223C0EEA200F7FEFB /* FollowersListVC.swift */,
				8A6CEA8C23BFEFEC00F7FEFB /* FavouritesListVC.swift */,
			);
			path = Screens;
			sourceTree = "<group>";
		};
		8A6CEA9F23C1293600F7FEFB /* Custom Views */ = {
			isa = PBXGroup;
			children = (
				8A6CEA9A23C11F1800F7FEFB /* GFAlertVC.swift */,
				8A6CEA9623C11C6700F7FEFB /* GFTitleLabel.swift */,
				8A6CEA9823C11DF300F7FEFB /* GFBodyLabel.swift */,
				8A6CEA8E23BFF81400F7FEFB /* GFButton.swift */,
				8A6CEA9023BFFA3700F7FEFB /* GFtextField.swift */,
			);
			path = "Custom Views";
			sourceTree = "<group>";
		};
		8A6CEAA023C1296500F7FEFB /* Extensions */ = {
			isa = PBXGroup;
			children = (
				8A6CEA9C23C124F700F7FEFB /* UIViewController+Extension.swift */,
				8A6CEA9423C0F31600F7FEFB /* String+Extensions.swift */,
			);
			path = Extensions;
			sourceTree = "<group>";
		};
		8A6CEAA123C129C800F7FEFB /* Project */ = {
			isa = PBXGroup;
			children = (
				8A6CEA7623BFE8D200F7FEFB /* AppDelegate.swift */,
				8A6CEA7823BFE8D200F7FEFB /* SceneDelegate.swift */,
				8A6CEA7C23BFE8D200F7FEFB /* Main.storyboard */,
				8A6CEA7F23BFE8D500F7FEFB /* Assets.xcassets */,
				8A6CEA8123BFE8D500F7FEFB /* LaunchScreen.storyboard */,
				8A6CEA8423BFE8D500F7FEFB /* Info.plist */,
			);
			path = Project;
			sourceTree = "<group>";
		};
		8A6CEAA223C224DD00F7FEFB /* Model */ = {
			isa = PBXGroup;
			children = (
				8A6CEAA323C224EC00F7FEFB /* Follower.swift */,
				8A6CEAA523C225C900F7FEFB /* User.swift */,
			);
			path = Model;
			sourceTree = "<group>";
		};
		8A6CEAA723C22C8D00F7FEFB /* Managers */ = {
			isa = PBXGroup;
			children = (
				8A6CEAA823C22C9A00F7FEFB /* NetworkManager.swift */,
			);
			path = Managers;
			sourceTree = "<group>";
		};
		8A6CEAAA23C24EA800F7FEFB /* Utilities */ = {
			isa = PBXGroup;
			children = (
				8A6CEAAB23C24EBC00F7FEFB /* GFError.swift */,
			);
			path = Utilities;
			sourceTree = "<group>";
		};
/* End PBXGroup section */

/* Begin PBXNativeTarget section */
		8A6CEA7223BFE8D200F7FEFB /* GHFollowers */ = {
			isa = PBXNativeTarget;
			buildConfigurationList = 8A6CEA8723BFE8D500F7FEFB /* Build configuration list for PBXNativeTarget "GHFollowers" */;
			buildPhases = (
				8A6CEA6F23BFE8D200F7FEFB /* Sources */,
				8A6CEA7023BFE8D200F7FEFB /* Frameworks */,
				8A6CEA7123BFE8D200F7FEFB /* Resources */,
			);
			buildRules = (
			);
			dependencies = (
			);
			name = GHFollowers;
			productName = GHFollowers;
			productReference = 8A6CEA7323BFE8D200F7FEFB /* GHFollowers.app */;
			productType = "com.apple.product-type.application";
		};
/* End PBXNativeTarget section */

/* Begin PBXProject section */
		8A6CEA6B23BFE8D200F7FEFB /* Project object */ = {
			isa = PBXProject;
			attributes = {
				LastSwiftUpdateCheck = 1120;
				LastUpgradeCheck = 1120;
				ORGANIZATIONNAME = "Piotr Szadkowski";
				TargetAttributes = {
					8A6CEA7223BFE8D200F7FEFB = {
						CreatedOnToolsVersion = 11.2;
					};
				};
			};
			buildConfigurationList = 8A6CEA6E23BFE8D200F7FEFB /* Build configuration list for PBXProject "GHFollowers" */;
			compatibilityVersion = "Xcode 9.3";
			developmentRegion = en;
			hasScannedForEncodings = 0;
			knownRegions = (
				en,
				Base,
			);
			mainGroup = 8A6CEA6A23BFE8D200F7FEFB;
			productRefGroup = 8A6CEA7423BFE8D200F7FEFB /* Products */;
			projectDirPath = "";
			projectRoot = "";
			targets = (
				8A6CEA7223BFE8D200F7FEFB /* GHFollowers */,
			);
		};
/* End PBXProject section */

/* Begin PBXResourcesBuildPhase section */
		8A6CEA7123BFE8D200F7FEFB /* Resources */ = {
			isa = PBXResourcesBuildPhase;
			buildActionMask = 2147483647;
			files = (
				8A6CEA8323BFE8D500F7FEFB /* LaunchScreen.storyboard in Resources */,
				8A6CEA8023BFE8D500F7FEFB /* Assets.xcassets in Resources */,
				8A6CEA7E23BFE8D200F7FEFB /* Main.storyboard in Resources */,
			);
			runOnlyForDeploymentPostprocessing = 0;
		};
/* End PBXResourcesBuildPhase section */

/* Begin PBXSourcesBuildPhase section */
		8A6CEA6F23BFE8D200F7FEFB /* Sources */ = {
			isa = PBXSourcesBuildPhase;
			buildActionMask = 2147483647;
			files = (
				8A6CEA9D23C124F700F7FEFB /* UIViewController+Extension.swift in Sources */,
				8A6CEA9123BFFA3700F7FEFB /* GFtextField.swift in Sources */,
				8A6CEA9323C0EEA200F7FEFB /* FollowersListVC.swift in Sources */,
				8A6CEA8B23BFEFCA00F7FEFB /* SearchVC.swift in Sources */,
				8A6CEA8F23BFF81400F7FEFB /* GFButton.swift in Sources */,
				8A6CEA9523C0F31600F7FEFB /* String+Extensions.swift in Sources */,
				8A6CEAA623C225C900F7FEFB /* User.swift in Sources */,
				8A6CEA9B23C11F1800F7FEFB /* GFAlertVC.swift in Sources */,
				8A6CEAA423C224EC00F7FEFB /* Follower.swift in Sources */,
				8A6CEA7723BFE8D200F7FEFB /* AppDelegate.swift in Sources */,
				8A6CEA9723C11C6700F7FEFB /* GFTitleLabel.swift in Sources */,
				8A6CEA8D23BFEFEC00F7FEFB /* FavouritesListVC.swift in Sources */,
				8A6CEAAC23C24EBC00F7FEFB /* GFError.swift in Sources */,
				8A6CEAA923C22C9A00F7FEFB /* NetworkManager.swift in Sources */,
				8A6CEA7923BFE8D200F7FEFB /* SceneDelegate.swift in Sources */,
				8A6CEA9923C11DF300F7FEFB /* GFBodyLabel.swift in Sources */,
			);
			runOnlyForDeploymentPostprocessing = 0;
		};
/* End PBXSourcesBuildPhase section */

/* Begin PBXVariantGroup section */
		8A6CEA7C23BFE8D200F7FEFB /* Main.storyboard */ = {
			isa = PBXVariantGroup;
			children = (
				8A6CEA7D23BFE8D200F7FEFB /* Base */,
			);
			name = Main.storyboard;
			sourceTree = "<group>";
		};
		8A6CEA8123BFE8D500F7FEFB /* LaunchScreen.storyboard */ = {
			isa = PBXVariantGroup;
			children = (
				8A6CEA8223BFE8D500F7FEFB /* Base */,
			);
			name = LaunchScreen.storyboard;
			sourceTree = "<group>";
		};
/* End PBXVariantGroup section */

/* Begin XCBuildConfiguration section */
		8A6CEA8523BFE8D500F7FEFB /* Debug */ = {
			isa = XCBuildConfiguration;
			buildSettings = {
				ALWAYS_SEARCH_USER_PATHS = NO;
				CLANG_ANALYZER_NONNULL = YES;
				CLANG_ANALYZER_NUMBER_OBJECT_CONVERSION = YES_AGGRESSIVE;
				CLANG_CXX_LANGUAGE_STANDARD = "gnu++14";
				CLANG_CXX_LIBRARY = "libc++";
				CLANG_ENABLE_MODULES = YES;
				CLANG_ENABLE_OBJC_ARC = YES;
				CLANG_ENABLE_OBJC_WEAK = YES;
				CLANG_WARN_BLOCK_CAPTURE_AUTORELEASING = YES;
				CLANG_WARN_BOOL_CONVERSION = YES;
				CLANG_WARN_COMMA = YES;
				CLANG_WARN_CONSTANT_CONVERSION = YES;
				CLANG_WARN_DEPRECATED_OBJC_IMPLEMENTATIONS = YES;
				CLANG_WARN_DIRECT_OBJC_ISA_USAGE = YES_ERROR;
				CLANG_WARN_DOCUMENTATION_COMMENTS = YES;
				CLANG_WARN_EMPTY_BODY = YES;
				CLANG_WARN_ENUM_CONVERSION = YES;
				CLANG_WARN_INFINITE_RECURSION = YES;
				CLANG_WARN_INT_CONVERSION = YES;
				CLANG_WARN_NON_LITERAL_NULL_CONVERSION = YES;
				CLANG_WARN_OBJC_IMPLICIT_RETAIN_SELF = YES;
				CLANG_WARN_OBJC_LITERAL_CONVERSION = YES;
				CLANG_WARN_OBJC_ROOT_CLASS = YES_ERROR;
				CLANG_WARN_RANGE_LOOP_ANALYSIS = YES;
				CLANG_WARN_STRICT_PROTOTYPES = YES;
				CLANG_WARN_SUSPICIOUS_MOVE = YES;
				CLANG_WARN_UNGUARDED_AVAILABILITY = YES_AGGRESSIVE;
				CLANG_WARN_UNREACHABLE_CODE = YES;
				CLANG_WARN__DUPLICATE_METHOD_MATCH = YES;
				COPY_PHASE_STRIP = NO;
				DEBUG_INFORMATION_FORMAT = dwarf;
				ENABLE_STRICT_OBJC_MSGSEND = YES;
				ENABLE_TESTABILITY = YES;
				GCC_C_LANGUAGE_STANDARD = gnu11;
				GCC_DYNAMIC_NO_PIC = NO;
				GCC_NO_COMMON_BLOCKS = YES;
				GCC_OPTIMIZATION_LEVEL = 0;
				GCC_PREPROCESSOR_DEFINITIONS = (
					"DEBUG=1",
					"$(inherited)",
				);
				GCC_WARN_64_TO_32_BIT_CONVERSION = YES;
				GCC_WARN_ABOUT_RETURN_TYPE = YES_ERROR;
				GCC_WARN_UNDECLARED_SELECTOR = YES;
				GCC_WARN_UNINITIALIZED_AUTOS = YES_AGGRESSIVE;
				GCC_WARN_UNUSED_FUNCTION = YES;
				GCC_WARN_UNUSED_VARIABLE = YES;
				IPHONEOS_DEPLOYMENT_TARGET = 13.2;
				MTL_ENABLE_DEBUG_INFO = INCLUDE_SOURCE;
				MTL_FAST_MATH = YES;
				ONLY_ACTIVE_ARCH = YES;
				SDKROOT = iphoneos;
				SWIFT_ACTIVE_COMPILATION_CONDITIONS = DEBUG;
				SWIFT_OPTIMIZATION_LEVEL = "-Onone";
			};
			name = Debug;
		};
		8A6CEA8623BFE8D500F7FEFB /* Release */ = {
			isa = XCBuildConfiguration;
			buildSettings = {
				ALWAYS_SEARCH_USER_PATHS = NO;
				CLANG_ANALYZER_NONNULL = YES;
				CLANG_ANALYZER_NUMBER_OBJECT_CONVERSION = YES_AGGRESSIVE;
				CLANG_CXX_LANGUAGE_STANDARD = "gnu++14";
				CLANG_CXX_LIBRARY = "libc++";
				CLANG_ENABLE_MODULES = YES;
				CLANG_ENABLE_OBJC_ARC = YES;
				CLANG_ENABLE_OBJC_WEAK = YES;
				CLANG_WARN_BLOCK_CAPTURE_AUTORELEASING = YES;
				CLANG_WARN_BOOL_CONVERSION = YES;
				CLANG_WARN_COMMA = YES;
				CLANG_WARN_CONSTANT_CONVERSION = YES;
				CLANG_WARN_DEPRECATED_OBJC_IMPLEMENTATIONS = YES;
				CLANG_WARN_DIRECT_OBJC_ISA_USAGE = YES_ERROR;
				CLANG_WARN_DOCUMENTATION_COMMENTS = YES;
				CLANG_WARN_EMPTY_BODY = YES;
				CLANG_WARN_ENUM_CONVERSION = YES;
				CLANG_WARN_INFINITE_RECURSION = YES;
				CLANG_WARN_INT_CONVERSION = YES;
				CLANG_WARN_NON_LITERAL_NULL_CONVERSION = YES;
				CLANG_WARN_OBJC_IMPLICIT_RETAIN_SELF = YES;
				CLANG_WARN_OBJC_LITERAL_CONVERSION = YES;
				CLANG_WARN_OBJC_ROOT_CLASS = YES_ERROR;
				CLANG_WARN_RANGE_LOOP_ANALYSIS = YES;
				CLANG_WARN_STRICT_PROTOTYPES = YES;
				CLANG_WARN_SUSPICIOUS_MOVE = YES;
				CLANG_WARN_UNGUARDED_AVAILABILITY = YES_AGGRESSIVE;
				CLANG_WARN_UNREACHABLE_CODE = YES;
				CLANG_WARN__DUPLICATE_METHOD_MATCH = YES;
				COPY_PHASE_STRIP = NO;
				DEBUG_INFORMATION_FORMAT = "dwarf-with-dsym";
				ENABLE_NS_ASSERTIONS = NO;
				ENABLE_STRICT_OBJC_MSGSEND = YES;
				GCC_C_LANGUAGE_STANDARD = gnu11;
				GCC_NO_COMMON_BLOCKS = YES;
				GCC_WARN_64_TO_32_BIT_CONVERSION = YES;
				GCC_WARN_ABOUT_RETURN_TYPE = YES_ERROR;
				GCC_WARN_UNDECLARED_SELECTOR = YES;
				GCC_WARN_UNINITIALIZED_AUTOS = YES_AGGRESSIVE;
				GCC_WARN_UNUSED_FUNCTION = YES;
				GCC_WARN_UNUSED_VARIABLE = YES;
				IPHONEOS_DEPLOYMENT_TARGET = 13.2;
				MTL_ENABLE_DEBUG_INFO = NO;
				MTL_FAST_MATH = YES;
				SDKROOT = iphoneos;
				SWIFT_COMPILATION_MODE = wholemodule;
				SWIFT_OPTIMIZATION_LEVEL = "-O";
				VALIDATE_PRODUCT = YES;
			};
			name = Release;
		};
		8A6CEA8823BFE8D500F7FEFB /* Debug */ = {
			isa = XCBuildConfiguration;
			buildSettings = {
				ASSETCATALOG_COMPILER_APPICON_NAME = AppIcon;
				CODE_SIGN_STYLE = Automatic;
				DEVELOPMENT_TEAM = 3L3PA22CNL;
				INFOPLIST_FILE = GHFollowers/Project/Info.plist;
				LD_RUNPATH_SEARCH_PATHS = (
					"$(inherited)",
					"@executable_path/Frameworks",
				);
				PRODUCT_BUNDLE_IDENTIFIER = com.offfhecode.GHFollowers;
				PRODUCT_NAME = "$(TARGET_NAME)";
				SWIFT_VERSION = 5.0;
				TARGETED_DEVICE_FAMILY = 1;
			};
			name = Debug;
		};
		8A6CEA8923BFE8D500F7FEFB /* Release */ = {
			isa = XCBuildConfiguration;
			buildSettings = {
				ASSETCATALOG_COMPILER_APPICON_NAME = AppIcon;
				CODE_SIGN_STYLE = Automatic;
				DEVELOPMENT_TEAM = 3L3PA22CNL;
				INFOPLIST_FILE = GHFollowers/Project/Info.plist;
				LD_RUNPATH_SEARCH_PATHS = (
					"$(inherited)",
					"@executable_path/Frameworks",
				);
				PRODUCT_BUNDLE_IDENTIFIER = com.offfhecode.GHFollowers;
				PRODUCT_NAME = "$(TARGET_NAME)";
				SWIFT_VERSION = 5.0;
				TARGETED_DEVICE_FAMILY = 1;
			};
			name = Release;
		};
/* End XCBuildConfiguration section */

/* Begin XCConfigurationList section */
		8A6CEA6E23BFE8D200F7FEFB /* Build configuration list for PBXProject "GHFollowers" */ = {
			isa = XCConfigurationList;
			buildConfigurations = (
				8A6CEA8523BFE8D500F7FEFB /* Debug */,
				8A6CEA8623BFE8D500F7FEFB /* Release */,
			);
			defaultConfigurationIsVisible = 0;
			defaultConfigurationName = Release;
		};
		8A6CEA8723BFE8D500F7FEFB /* Build configuration list for PBXNativeTarget "GHFollowers" */ = {
			isa = XCConfigurationList;
			buildConfigurations = (
				8A6CEA8823BFE8D500F7FEFB /* Debug */,
				8A6CEA8923BFE8D500F7FEFB /* Release */,
			);
			defaultConfigurationIsVisible = 0;
			defaultConfigurationName = Release;
		};
/* End XCConfigurationList section */
	};
	rootObject = 8A6CEA6B23BFE8D200F7FEFB /* Project object */;
}
